// !$*UTF8*$!
{
	archiveVersion = 1;
	classes = {
	};
	objectVersion = 46;
	objects = {

/* Begin PBXBuildFile section */
		CB77ABB21D9CD6E200D83AFF /* AppDelegate.swift in Sources */ = {isa = PBXBuildFile; fileRef = CB77ABB11D9CD6E200D83AFF /* AppDelegate.swift */; };
		CB77ABB41D9CD6E200D83AFF /* ViewController.swift in Sources */ = {isa = PBXBuildFile; fileRef = CB77ABB31D9CD6E200D83AFF /* ViewController.swift */; };
		CB77ABB71D9CD6E200D83AFF /* Main.storyboard in Resources */ = {isa = PBXBuildFile; fileRef = CB77ABB51D9CD6E200D83AFF /* Main.storyboard */; };
		CB77ABBA1D9CD6E200D83AFF /* habitual.xcdatamodeld in Sources */ = {isa = PBXBuildFile; fileRef = CB77ABB81D9CD6E200D83AFF /* habitual.xcdatamodeld */; };
		CB77ABBC1D9CD6E200D83AFF /* Assets.xcassets in Resources */ = {isa = PBXBuildFile; fileRef = CB77ABBB1D9CD6E200D83AFF /* Assets.xcassets */; };
		CB77ABBF1D9CD6E200D83AFF /* LaunchScreen.storyboard in Resources */ = {isa = PBXBuildFile; fileRef = CB77ABBD1D9CD6E200D83AFF /* LaunchScreen.storyboard */; };
		CB77ABCA1D9CD6E200D83AFF /* habitualTests.swift in Sources */ = {isa = PBXBuildFile; fileRef = CB77ABC91D9CD6E200D83AFF /* habitualTests.swift */; };
/* End PBXBuildFile section */

/* Begin PBXContainerItemProxy section */
		CB77ABC61D9CD6E200D83AFF /* PBXContainerItemProxy */ = {
			isa = PBXContainerItemProxy;
			containerPortal = CB77ABA61D9CD6E200D83AFF /* Project object */;
			proxyType = 1;
			remoteGlobalIDString = CB77ABAD1D9CD6E200D83AFF;
			remoteInfo = habitual;
		};
/* End PBXContainerItemProxy section */

/* Begin PBXFileReference section */
		CB77ABAE1D9CD6E200D83AFF /* habitual.app */ = {isa = PBXFileReference; explicitFileType = wrapper.application; includeInIndex = 0; path = habitual.app; sourceTree = BUILT_PRODUCTS_DIR; };
		CB77ABB11D9CD6E200D83AFF /* AppDelegate.swift */ = {isa = PBXFileReference; lastKnownFileType = sourcecode.swift; path = AppDelegate.swift; sourceTree = "<group>"; };
		CB77ABB31D9CD6E200D83AFF /* ViewController.swift */ = {isa = PBXFileReference; lastKnownFileType = sourcecode.swift; path = ViewController.swift; sourceTree = "<group>"; };
		CB77ABB61D9CD6E200D83AFF /* Base */ = {isa = PBXFileReference; lastKnownFileType = file.storyboard; name = Base; path = Base.lproj/Main.storyboard; sourceTree = "<group>"; };
		CB77ABB91D9CD6E200D83AFF /* habitual.xcdatamodel */ = {isa = PBXFileReference; lastKnownFileType = wrapper.xcdatamodel; path = habitual.xcdatamodel; sourceTree = "<group>"; };
		CB77ABBB1D9CD6E200D83AFF /* Assets.xcassets */ = {isa = PBXFileReference; lastKnownFileType = folder.assetcatalog; path = Assets.xcassets; sourceTree = "<group>"; };
		CB77ABBE1D9CD6E200D83AFF /* Base */ = {isa = PBXFileReference; lastKnownFileType = file.storyboard; name = Base; path = Base.lproj/LaunchScreen.storyboard; sourceTree = "<group>"; };
		CB77ABC01D9CD6E200D83AFF /* Info.plist */ = {isa = PBXFileReference; lastKnownFileType = text.plist.xml; path = Info.plist; sourceTree = "<group>"; };
		CB77ABC51D9CD6E200D83AFF /* habitualTests.xctest */ = {isa = PBXFileReference; explicitFileType = wrapper.cfbundle; includeInIndex = 0; path = habitualTests.xctest; sourceTree = BUILT_PRODUCTS_DIR; };
		CB77ABC91D9CD6E200D83AFF /* habitualTests.swift */ = {isa = PBXFileReference; lastKnownFileType = sourcecode.swift; path = habitualTests.swift; sourceTree = "<group>"; };
		CB77ABCB1D9CD6E200D83AFF /* Info.plist */ = {isa = PBXFileReference; lastKnownFileType = text.plist.xml; path = Info.plist; sourceTree = "<group>"; };
/* End PBXFileReference section */

/* Begin PBXFrameworksBuildPhase section */
		CB77ABAB1D9CD6E200D83AFF /* Frameworks */ = {
			isa = PBXFrameworksBuildPhase;
			buildActionMask = 2147483647;
			files = (
			);
			runOnlyForDeploymentPostprocessing = 0;
		};
		CB77ABC21D9CD6E200D83AFF /* Frameworks */ = {
			isa = PBXFrameworksBuildPhase;
			buildActionMask = 2147483647;
			files = (
			);
			runOnlyForDeploymentPostprocessing = 0;
		};
/* End PBXFrameworksBuildPhase section */

/* Begin PBXGroup section */
		CB77ABA51D9CD6E200D83AFF = {
			isa = PBXGroup;
			children = (
				CB77ABB01D9CD6E200D83AFF /* habitual */,
				CB77ABC81D9CD6E200D83AFF /* habitualTests */,
				CB77ABAF1D9CD6E200D83AFF /* Products */,
			);
			sourceTree = "<group>";
		};
		CB77ABAF1D9CD6E200D83AFF /* Products */ = {
			isa = PBXGroup;
			children = (
				CB77ABAE1D9CD6E200D83AFF /* habitual.app */,
				CB77ABC51D9CD6E200D83AFF /* habitualTests.xctest */,
			);
			name = Products;
			sourceTree = "<group>";
		};
		CB77ABB01D9CD6E200D83AFF /* habitual */ = {
			isa = PBXGroup;
			children = (
				CB77ABB11D9CD6E200D83AFF /* AppDelegate.swift */,
				CB77ABB31D9CD6E200D83AFF /* ViewController.swift */,
				CB77ABB51D9CD6E200D83AFF /* Main.storyboard */,
				CB77ABBB1D9CD6E200D83AFF /* Assets.xcassets */,
				CB77ABBD1D9CD6E200D83AFF /* LaunchScreen.storyboard */,
				CB77ABC01D9CD6E200D83AFF /* Info.plist */,
				CB77ABB81D9CD6E200D83AFF /* habitual.xcdatamodeld */,
			);
			path = habitual;
			sourceTree = "<group>";
		};
		CB77ABC81D9CD6E200D83AFF /* habitualTests */ = {
			isa = PBXGroup;
			children = (
				CB77ABC91D9CD6E200D83AFF /* habitualTests.swift */,
				CB77ABCB1D9CD6E200D83AFF /* Info.plist */,
			);
			path = habitualTests;
			sourceTree = "<group>";
		};
/* End PBXGroup section */

/* Begin PBXNativeTarget section */
		CB77ABAD1D9CD6E200D83AFF /* habitual */ = {
			isa = PBXNativeTarget;
			buildConfigurationList = CB77ABCE1D9CD6E200D83AFF /* Build configuration list for PBXNativeTarget "habitual" */;
			buildPhases = (
				CB77ABAA1D9CD6E200D83AFF /* Sources */,
				CB77ABAB1D9CD6E200D83AFF /* Frameworks */,
				CB77ABAC1D9CD6E200D83AFF /* Resources */,
			);
			buildRules = (
			);
			dependencies = (
			);
			name = habitual;
			productName = habitual;
			productReference = CB77ABAE1D9CD6E200D83AFF /* habitual.app */;
			productType = "com.apple.product-type.application";
		};
		CB77ABC41D9CD6E200D83AFF /* habitualTests */ = {
			isa = PBXNativeTarget;
			buildConfigurationList = CB77ABD11D9CD6E200D83AFF /* Build configuration list for PBXNativeTarget "habitualTests" */;
			buildPhases = (
				CB77ABC11D9CD6E200D83AFF /* Sources */,
				CB77ABC21D9CD6E200D83AFF /* Frameworks */,
				CB77ABC31D9CD6E200D83AFF /* Resources */,
			);
			buildRules = (
			);
			dependencies = (
				CB77ABC71D9CD6E200D83AFF /* PBXTargetDependency */,
			);
			name = habitualTests;
			productName = habitualTests;
			productReference = CB77ABC51D9CD6E200D83AFF /* habitualTests.xctest */;
			productType = "com.apple.product-type.bundle.unit-test";
		};
/* End PBXNativeTarget section */

/* Begin PBXProject section */
		CB77ABA61D9CD6E200D83AFF /* Project object */ = {
			isa = PBXProject;
			attributes = {
				LastSwiftUpdateCheck = 0800;
				LastUpgradeCheck = 0800;
				ORGANIZATIONNAME = "Stefanie Seah";
				TargetAttributes = {
					CB77ABAD1D9CD6E200D83AFF = {
						CreatedOnToolsVersion = 8.0;
						DevelopmentTeam = K324535MTM;
						ProvisioningStyle = Automatic;
					};
					CB77ABC41D9CD6E200D83AFF = {
						CreatedOnToolsVersion = 8.0;
						DevelopmentTeam = K324535MTM;
						ProvisioningStyle = Automatic;
						TestTargetID = CB77ABAD1D9CD6E200D83AFF;
					};
				};
			};
			buildConfigurationList = CB77ABA91D9CD6E200D83AFF /* Build configuration list for PBXProject "habitual" */;
			compatibilityVersion = "Xcode 3.2";
			developmentRegion = English;
			hasScannedForEncodings = 0;
			knownRegions = (
				en,
				Base,
			);
			mainGroup = CB77ABA51D9CD6E200D83AFF;
			productRefGroup = CB77ABAF1D9CD6E200D83AFF /* Products */;
			projectDirPath = "";
			projectRoot = "";
			targets = (
				CB77ABAD1D9CD6E200D83AFF /* habitual */,
				CB77ABC41D9CD6E200D83AFF /* habitualTests */,
			);
		};
/* End PBXProject section */

/* Begin PBXResourcesBuildPhase section */
		CB77ABAC1D9CD6E200D83AFF /* Resources */ = {
			isa = PBXResourcesBuildPhase;
			buildActionMask = 2147483647;
			files = (
				CB77ABBF1D9CD6E200D83AFF /* LaunchScreen.storyboard in Resources */,
				CB77ABBC1D9CD6E200D83AFF /* Assets.xcassets in Resources */,
				CB77ABB71D9CD6E200D83AFF /* Main.storyboard in Resources */,
			);
			runOnlyForDeploymentPostprocessing = 0;
		};
		CB77ABC31D9CD6E200D83AFF /* Resources */ = {
			isa = PBXResourcesBuildPhase;
			buildActionMask = 2147483647;
			files = (
			);
			runOnlyForDeploymentPostprocessing = 0;
		};
/* End PBXResourcesBuildPhase section */

/* Begin PBXSourcesBuildPhase section */
		CB77ABAA1D9CD6E200D83AFF /* Sources */ = {
			isa = PBXSourcesBuildPhase;
			buildActionMask = 2147483647;
			files = (
				CB77ABBA1D9CD6E200D83AFF /* habitual.xcdatamodeld in Sources */,
				CB77ABB41D9CD6E200D83AFF /* ViewController.swift in Sources */,
				CB77ABB21D9CD6E200D83AFF /* AppDelegate.swift in Sources */,
			);
			runOnlyForDeploymentPostprocessing = 0;
		};
		CB77ABC11D9CD6E200D83AFF /* Sources */ = {
			isa = PBXSourcesBuildPhase;
			buildActionMask = 2147483647;
			files = (
				CB77ABCA1D9CD6E200D83AFF /* habitualTests.swift in Sources */,
			);
			runOnlyForDeploymentPostprocessing = 0;
		};
/* End PBXSourcesBuildPhase section */

/* Begin PBXTargetDependency section */
		CB77ABC71D9CD6E200D83AFF /* PBXTargetDependency */ = {
			isa = PBXTargetDependency;
			target = CB77ABAD1D9CD6E200D83AFF /* habitual */;
			targetProxy = CB77ABC61D9CD6E200D83AFF /* PBXContainerItemProxy */;
		};
/* End PBXTargetDependency section */

/* Begin PBXVariantGroup section */
		CB77ABB51D9CD6E200D83AFF /* Main.storyboard */ = {
			isa = PBXVariantGroup;
			children = (
				CB77ABB61D9CD6E200D83AFF /* Base */,
			);
			name = Main.storyboard;
			sourceTree = "<group>";
		};
		CB77ABBD1D9CD6E200D83AFF /* LaunchScreen.storyboard */ = {
			isa = PBXVariantGroup;
			children = (
				CB77ABBE1D9CD6E200D83AFF /* Base */,
			);
			name = LaunchScreen.storyboard;
			sourceTree = "<group>";
		};
/* End PBXVariantGroup section */

/* Begin XCBuildConfiguration section */
		CB77ABCC1D9CD6E200D83AFF /* Debug */ = {
			isa = XCBuildConfiguration;
			buildSettings = {
				ALWAYS_SEARCH_USER_PATHS = NO;
				CLANG_ANALYZER_NONNULL = YES;
				CLANG_CXX_LANGUAGE_STANDARD = "gnu++0x";
				CLANG_CXX_LIBRARY = "libc++";
				CLANG_ENABLE_MODULES = YES;
				CLANG_ENABLE_OBJC_ARC = YES;
				CLANG_WARN_BOOL_CONVERSION = YES;
				CLANG_WARN_CONSTANT_CONVERSION = YES;
				CLANG_WARN_DIRECT_OBJC_ISA_USAGE = YES_ERROR;
				CLANG_WARN_DOCUMENTATION_COMMENTS = YES;
				CLANG_WARN_EMPTY_BODY = YES;
				CLANG_WARN_ENUM_CONVERSION = YES;
				CLANG_WARN_INFINITE_RECURSION = YES;
				CLANG_WARN_INT_CONVERSION = YES;
				CLANG_WARN_OBJC_ROOT_CLASS = YES_ERROR;
				CLANG_WARN_SUSPICIOUS_MOVES = YES;
				CLANG_WARN_UNREACHABLE_CODE = YES;
				CLANG_WARN__DUPLICATE_METHOD_MATCH = YES;
				"CODE_SIGN_IDENTITY[sdk=iphoneos*]" = "iPhone Developer";
				COPY_PHASE_STRIP = NO;
				DEBUG_INFORMATION_FORMAT = dwarf;
				ENABLE_STRICT_OBJC_MSGSEND = YES;
				ENABLE_TESTABILITY = YES;
				GCC_C_LANGUAGE_STANDARD = gnu99;
				GCC_DYNAMIC_NO_PIC = NO;
				GCC_NO_COMMON_BLOCKS = YES;
				GCC_OPTIMIZATION_LEVEL = 0;
				GCC_PREPROCESSOR_DEFINITIONS = (
					"DEBUG=1",
					"$(inherited)",
				);
				GCC_WARN_64_TO_32_BIT_CONVERSION = YES;
				GCC_WARN_ABOUT_RETURN_TYPE = YES_ERROR;
				GCC_WARN_UNDECLARED_SELECTOR = YES;
				GCC_WARN_UNINITIALIZED_AUTOS = YES_AGGRESSIVE;
				GCC_WARN_UNUSED_FUNCTION = YES;
				GCC_WARN_UNUSED_VARIABLE = YES;
				IPHONEOS_DEPLOYMENT_TARGET = 10.0;
				MTL_ENABLE_DEBUG_INFO = YES;
				ONLY_ACTIVE_ARCH = YES;
				SDKROOT = iphoneos;
				SWIFT_ACTIVE_COMPILATION_CONDITIONS = DEBUG;
				SWIFT_OPTIMIZATION_LEVEL = "-Onone";
			};
			name = Debug;
		};
		CB77ABCD1D9CD6E200D83AFF /* Release */ = {
			isa = XCBuildConfiguration;
			buildSettings = {
				ALWAYS_SEARCH_USER_PATHS = NO;
				CLANG_ANALYZER_NONNULL = YES;
				CLANG_CXX_LANGUAGE_STANDARD = "gnu++0x";
				CLANG_CXX_LIBRARY = "libc++";
				CLANG_ENABLE_MODULES = YES;
				CLANG_ENABLE_OBJC_ARC = YES;
				CLANG_WARN_BOOL_CONVERSION = YES;
				CLANG_WARN_CONSTANT_CONVERSION = YES;
				CLANG_WARN_DIRECT_OBJC_ISA_USAGE = YES_ERROR;
				CLANG_WARN_DOCUMENTATION_COMMENTS = YES;
				CLANG_WARN_EMPTY_BODY = YES;
				CLANG_WARN_ENUM_CONVERSION = YES;
				CLANG_WARN_INFINITE_RECURSION = YES;
				CLANG_WARN_INT_CONVERSION = YES;
				CLANG_WARN_OBJC_ROOT_CLASS = YES_ERROR;
				CLANG_WARN_SUSPICIOUS_MOVES = YES;
				CLANG_WARN_UNREACHABLE_CODE = YES;
				CLANG_WARN__DUPLICATE_METHOD_MATCH = YES;
				"CODE_SIGN_IDENTITY[sdk=iphoneos*]" = "iPhone Developer";
				COPY_PHASE_STRIP = NO;
				DEBUG_INFORMATION_FORMAT = "dwarf-with-dsym";
				ENABLE_NS_ASSERTIONS = NO;
				ENABLE_STRICT_OBJC_MSGSEND = YES;
				GCC_C_LANGUAGE_STANDARD = gnu99;
				GCC_NO_COMMON_BLOCKS = YES;
				GCC_WARN_64_TO_32_BIT_CONVERSION = YES;
				GCC_WARN_ABOUT_RETURN_TYPE = YES_ERROR;
				GCC_WARN_UNDECLARED_SELECTOR = YES;
				GCC_WARN_UNINITIALIZED_AUTOS = YES_AGGRESSIVE;
				GCC_WARN_UNUSED_FUNCTION = YES;
				GCC_WARN_UNUSED_VARIABLE = YES;
				IPHONEOS_DEPLOYMENT_TARGET = 10.0;
				MTL_ENABLE_DEBUG_INFO = NO;
				SDKROOT = iphoneos;
				SWIFT_OPTIMIZATION_LEVEL = "-Owholemodule";
				VALIDATE_PRODUCT = YES;
			};
			name = Release;
		};
		CB77ABCF1D9CD6E200D83AFF /* Debug */ = {
			isa = XCBuildConfiguration;
			buildSettings = {
				ASSETCATALOG_COMPILER_APPICON_NAME = AppIcon;
				DEVELOPMENT_TEAM = K324535MTM;
				INFOPLIST_FILE = habitual/Info.plist;
				LD_RUNPATH_SEARCH_PATHS = "$(inherited) @executable_path/Frameworks";
				PRODUCT_BUNDLE_IDENTIFIER = sseah.habitual;
				PRODUCT_NAME = "$(TARGET_NAME)";
				SWIFT_VERSION = 3.0;
			};
			name = Debug;
		};
		CB77ABD01D9CD6E200D83AFF /* Release */ = {
			isa = XCBuildConfiguration;
			buildSettings = {
				ASSETCATALOG_COMPILER_APPICON_NAME = AppIcon;
				DEVELOPMENT_TEAM = K324535MTM;
				INFOPLIST_FILE = habitual/Info.plist;
				LD_RUNPATH_SEARCH_PATHS = "$(inherited) @executable_path/Frameworks";
				PRODUCT_BUNDLE_IDENTIFIER = sseah.habitual;
				PRODUCT_NAME = "$(TARGET_NAME)";
				SWIFT_VERSION = 3.0;
			};
			name = Release;
		};
		CB77ABD21D9CD6E200D83AFF /* Debug */ = {
			isa = XCBuildConfiguration;
			buildSettings = {
				ALWAYS_EMBED_SWIFT_STANDARD_LIBRARIES = YES;
				BUNDLE_LOADER = "$(TEST_HOST)";
				DEVELOPMENT_TEAM = K324535MTM;
				INFOPLIST_FILE = habitualTests/Info.plist;
				LD_RUNPATH_SEARCH_PATHS = "$(inherited) @executable_path/Frameworks @loader_path/Frameworks";
				PRODUCT_BUNDLE_IDENTIFIER = sseah.habitualTests;
				PRODUCT_NAME = "$(TARGET_NAME)";
				SWIFT_VERSION = 3.0;
				TEST_HOST = "$(BUILT_PRODUCTS_DIR)/habitual.app/habitual";
			};
			name = Debug;
		};
		CB77ABD31D9CD6E200D83AFF /* Release */ = {
			isa = XCBuildConfiguration;
			buildSettings = {
				ALWAYS_EMBED_SWIFT_STANDARD_LIBRARIES = YES;
				BUNDLE_LOADER = "$(TEST_HOST)";
				DEVELOPMENT_TEAM = K324535MTM;
				INFOPLIST_FILE = habitualTests/Info.plist;
				LD_RUNPATH_SEARCH_PATHS = "$(inherited) @executable_path/Frameworks @loader_path/Frameworks";
				PRODUCT_BUNDLE_IDENTIFIER = sseah.habitualTests;
				PRODUCT_NAME = "$(TARGET_NAME)";
				SWIFT_VERSION = 3.0;
				TEST_HOST = "$(BUILT_PRODUCTS_DIR)/habitual.app/habitual";
			};
			name = Release;
		};
/* End XCBuildConfiguration section */

/* Begin XCConfigurationList section */
		CB77ABA91D9CD6E200D83AFF /* Build configuration list for PBXProject "habitual" */ = {
			isa = XCConfigurationList;
			buildConfigurations = (
				CB77ABCC1D9CD6E200D83AFF /* Debug */,
				CB77ABCD1D9CD6E200D83AFF /* Release */,
			);
			defaultConfigurationIsVisible = 0;
			defaultConfigurationName = Release;
		};
		CB77ABCE1D9CD6E200D83AFF /* Build configuration list for PBXNativeTarget "habitual" */ = {
			isa = XCConfigurationList;
			buildConfigurations = (
				CB77ABCF1D9CD6E200D83AFF /* Debug */,
				CB77ABD01D9CD6E200D83AFF /* Release */,
			);
			defaultConfigurationIsVisible = 0;
		};
		CB77ABD11D9CD6E200D83AFF /* Build configuration list for PBXNativeTarget "habitualTests" */ = {
			isa = XCConfigurationList;
			buildConfigurations = (
				CB77ABD21D9CD6E200D83AFF /* Debug */,
				CB77ABD31D9CD6E200D83AFF /* Release */,
			);
			defaultConfigurationIsVisible = 0;
		};
/* End XCConfigurationList section */

/* Begin XCVersionGroup section */
		CB77ABB81D9CD6E200D83AFF /* habitual.xcdatamodeld */ = {
			isa = XCVersionGroup;
			children = (
				CB77ABB91D9CD6E200D83AFF /* habitual.xcdatamodel */,
			);
			currentVersion = CB77ABB91D9CD6E200D83AFF /* habitual.xcdatamodel */;
			path = habitual.xcdatamodeld;
			sourceTree = "<group>";
			versionGroupType = wrapper.xcdatamodel;
		};
/* End XCVersionGroup section */
	};
	rootObject = CB77ABA61D9CD6E200D83AFF /* Project object */;
}
